{
  "name": "ajoullm-cli",
  "version": "0.1.1",
  "lockfileVersion": 3,
  "requires": true,
  "packages": {
    "": {
      "name": "ajoullm-cli",
      "version": "0.1.1",
      "license": "MIT",
      "bin": {
        "ajoullm": "bin/ajoullm.js"
      },
      "engines": {
        "node": ">=18.17"
      }
    }
  }
}
